
Microsoft Visual Studio Solution File, Format Version 12.00
# Visual Studio Version 16
VisualStudioVersion = 16.0.31321.278
MinimumVisualStudioVersion = 10.0.40219.1
Project("{FAE04EC0-301F-11D3-BF4B-00C04F79EFBC}") = "Camera", "Camera\Camera.csproj", "{6C88FA2F-7706-484F-9196-E9543A9BC6DC}"
EndProject
Global
	GlobalSection(SolutionConfigurationPlatforms) = preSolution
		Debug|Any CPU = Debug|Any CPU
		Release|Any CPU = Release|Any CPU
	EndGlobalSection
	GlobalSection(ProjectConfigurationPlatforms) = postSolution
		{6C88FA2F-7706-484F-9196-E9543A9BC6DC}.Debug|Any CPU.ActiveCfg = Debug|Any CPU
		{6C88FA2F-7706-484F-9196-E9543A9BC6DC}.Debug|Any CPU.Build.0 = Debug|Any CPU
		{6C88FA2F-7706-484F-9196-E9543A9BC6DC}.Release|Any CPU.ActiveCfg = Release|Any CPU
		{6C88FA2F-7706-484F-9196-E9543A9BC6DC}.Release|Any CPU.Build.0 = Release|Any CPU
	EndGlobalSection
	GlobalSection(SolutionProperties) = preSolution
		HideSolutionNode = FALSE
	EndGlobalSection
	GlobalSection(ExtensibilityGlobals) = postSolution
		SolutionGuid = {868CCAF8-E317-40B2-A19C-895874E9ABBB}
	EndGlobalSection
EndGlobal
