
Microsoft Visual Studio Solution File, Format Version 12.00
# Visual Studio Version 16
VisualStudioVersion = 16.0.31112.23
MinimumVisualStudioVersion = 10.0.40219.1
Project("{FAE04EC0-301F-11D3-BF4B-00C04F79EFBC}") = "InsertLocation", "InsertLocation\InsertLocation.csproj", "{21998DCB-3FE2-47BC-B2D6-3E66D3B6260B}"
EndProject
Global
	GlobalSection(SolutionConfigurationPlatforms) = preSolution
		Debug|Any CPU = Debug|Any CPU
		Release|Any CPU = Release|Any CPU
	EndGlobalSection
	GlobalSection(ProjectConfigurationPlatforms) = postSolution
		{21998DCB-3FE2-47BC-B2D6-3E66D3B6260B}.Debug|Any CPU.ActiveCfg = Debug|Any CPU
		{21998DCB-3FE2-47BC-B2D6-3E66D3B6260B}.Debug|Any CPU.Build.0 = Debug|Any CPU
		{21998DCB-3FE2-47BC-B2D6-3E66D3B6260B}.Release|Any CPU.ActiveCfg = Release|Any CPU
		{21998DCB-3FE2-47BC-B2D6-3E66D3B6260B}.Release|Any CPU.Build.0 = Release|Any CPU
	EndGlobalSection
	GlobalSection(SolutionProperties) = preSolution
		HideSolutionNode = FALSE
	EndGlobalSection
	GlobalSection(ExtensibilityGlobals) = postSolution
		SolutionGuid = {44494807-C6AF-46CB-A64A-AC9E056CFCBD}
	EndGlobalSection
EndGlobal
