
Microsoft Visual Studio Solution File, Format Version 12.00
# Visual Studio Version 16
VisualStudioVersion = 16.0.31112.23
MinimumVisualStudioVersion = 10.0.40219.1
Project("{FAE04EC0-301F-11D3-BF4B-00C04F79EFBC}") = "ArrayCentralIndex", "ArrayCentralIndex\ArrayCentralIndex.csproj", "{59A807B3-CF78-4837-9714-544F2CB37738}"
EndProject
Global
	GlobalSection(SolutionConfigurationPlatforms) = preSolution
		Debug|Any CPU = Debug|Any CPU
		Release|Any CPU = Release|Any CPU
	EndGlobalSection
	GlobalSection(ProjectConfigurationPlatforms) = postSolution
		{59A807B3-CF78-4837-9714-544F2CB37738}.Debug|Any CPU.ActiveCfg = Debug|Any CPU
		{59A807B3-CF78-4837-9714-544F2CB37738}.Debug|Any CPU.Build.0 = Debug|Any CPU
		{59A807B3-CF78-4837-9714-544F2CB37738}.Release|Any CPU.ActiveCfg = Release|Any CPU
		{59A807B3-CF78-4837-9714-544F2CB37738}.Release|Any CPU.Build.0 = Release|Any CPU
	EndGlobalSection
	GlobalSection(SolutionProperties) = preSolution
		HideSolutionNode = FALSE
	EndGlobalSection
	GlobalSection(ExtensibilityGlobals) = postSolution
		SolutionGuid = {800EB790-762D-4694-8AC1-93A96394F73B}
	EndGlobalSection
EndGlobal
