
Microsoft Visual Studio Solution File, Format Version 12.00
# Visual Studio Version 16
VisualStudioVersion = 16.0.31205.134
MinimumVisualStudioVersion = 10.0.40219.1
Project("{8BC9CEB8-8B4A-11D0-8D11-00A0C91BC942}") = "photograph", "photograph\photograph.vcxproj", "{FBE0C5EA-4CA9-463B-9548-E650CA754CD3}"
EndProject
Global
	GlobalSection(SolutionConfigurationPlatforms) = preSolution
		Debug|x64 = Debug|x64
		Debug|x86 = Debug|x86
		Release|x64 = Release|x64
		Release|x86 = Release|x86
	EndGlobalSection
	GlobalSection(ProjectConfigurationPlatforms) = postSolution
		{FBE0C5EA-4CA9-463B-9548-E650CA754CD3}.Debug|x64.ActiveCfg = Debug|x64
		{FBE0C5EA-4CA9-463B-9548-E650CA754CD3}.Debug|x64.Build.0 = Debug|x64
		{FBE0C5EA-4CA9-463B-9548-E650CA754CD3}.Debug|x86.ActiveCfg = Debug|Win32
		{FBE0C5EA-4CA9-463B-9548-E650CA754CD3}.Debug|x86.Build.0 = Debug|Win32
		{FBE0C5EA-4CA9-463B-9548-E650CA754CD3}.Release|x64.ActiveCfg = Release|x64
		{FBE0C5EA-4CA9-463B-9548-E650CA754CD3}.Release|x64.Build.0 = Release|x64
		{FBE0C5EA-4CA9-463B-9548-E650CA754CD3}.Release|x86.ActiveCfg = Release|Win32
		{FBE0C5EA-4CA9-463B-9548-E650CA754CD3}.Release|x86.Build.0 = Release|Win32
	EndGlobalSection
	GlobalSection(SolutionProperties) = preSolution
		HideSolutionNode = FALSE
	EndGlobalSection
	GlobalSection(ExtensibilityGlobals) = postSolution
		SolutionGuid = {C3EFF9B4-1EAD-484B-87F5-314D579F3D46}
	EndGlobalSection
EndGlobal
