
Microsoft Visual Studio Solution File, Format Version 12.00
# Visual Studio Version 16
VisualStudioVersion = 16.0.31112.23
MinimumVisualStudioVersion = 10.0.40219.1
Project("{888888A0-9F3D-457C-B088-3A5042F75D52}") = "4.9", "4.9\4.9.pyproj", "{0011DEE8-CB7A-4838-BD33-66E90139AC94}"
EndProject
Global
	GlobalSection(SolutionConfigurationPlatforms) = preSolution
		Debug|Any CPU = Debug|Any CPU
		Release|Any CPU = Release|Any CPU
	EndGlobalSection
	GlobalSection(ProjectConfigurationPlatforms) = postSolution
		{0011DEE8-CB7A-4838-BD33-66E90139AC94}.Debug|Any CPU.ActiveCfg = Debug|Any CPU
		{0011DEE8-CB7A-4838-BD33-66E90139AC94}.Release|Any CPU.ActiveCfg = Release|Any CPU
	EndGlobalSection
	GlobalSection(SolutionProperties) = preSolution
		HideSolutionNode = FALSE
	EndGlobalSection
	GlobalSection(ExtensibilityGlobals) = postSolution
		SolutionGuid = {90C7A978-80A3-4F91-A3EA-18A2CD8F060F}
	EndGlobalSection
EndGlobal
