
Microsoft Visual Studio Solution File, Format Version 12.00
# Visual Studio Version 16
VisualStudioVersion = 16.0.31205.134
MinimumVisualStudioVersion = 10.0.40219.1
Project("{888888A0-9F3D-457C-B088-3A5042F75D52}") = "ComputingMethod", "ComputingMethod\ComputingMethod.pyproj", "{ED65F7F8-6A9F-42EC-84F6-44B8955A179B}"
EndProject
Global
	GlobalSection(SolutionConfigurationPlatforms) = preSolution
		Debug|Any CPU = Debug|Any CPU
		Release|Any CPU = Release|Any CPU
	EndGlobalSection
	GlobalSection(ProjectConfigurationPlatforms) = postSolution
		{ED65F7F8-6A9F-42EC-84F6-44B8955A179B}.Debug|Any CPU.ActiveCfg = Debug|Any CPU
		{ED65F7F8-6A9F-42EC-84F6-44B8955A179B}.Release|Any CPU.ActiveCfg = Release|Any CPU
	EndGlobalSection
	GlobalSection(SolutionProperties) = preSolution
		HideSolutionNode = FALSE
	EndGlobalSection
	GlobalSection(ExtensibilityGlobals) = postSolution
		SolutionGuid = {8BC72BE4-D34D-4A25-A8FD-EB7ED8B3DDC2}
	EndGlobalSection
EndGlobal
