
Microsoft Visual Studio Solution File, Format Version 12.00
# Visual Studio Version 16
VisualStudioVersion = 16.0.31112.23
MinimumVisualStudioVersion = 10.0.40219.1
Project("{888888A0-9F3D-457C-B088-3A5042F75D52}") = "4.5", "4.5\4.5.pyproj", "{25918436-D026-4C3E-97B5-D31DA5907F41}"
EndProject
Global
	GlobalSection(SolutionConfigurationPlatforms) = preSolution
		Debug|Any CPU = Debug|Any CPU
		Release|Any CPU = Release|Any CPU
	EndGlobalSection
	GlobalSection(ProjectConfigurationPlatforms) = postSolution
		{25918436-D026-4C3E-97B5-D31DA5907F41}.Debug|Any CPU.ActiveCfg = Debug|Any CPU
		{25918436-D026-4C3E-97B5-D31DA5907F41}.Release|Any CPU.ActiveCfg = Release|Any CPU
	EndGlobalSection
	GlobalSection(SolutionProperties) = preSolution
		HideSolutionNode = FALSE
	EndGlobalSection
	GlobalSection(ExtensibilityGlobals) = postSolution
		SolutionGuid = {573F5E69-BF33-4A2F-ADD8-4CF11D5BCD81}
	EndGlobalSection
EndGlobal
