
Microsoft Visual Studio Solution File, Format Version 12.00
# Visual Studio Version 16
VisualStudioVersion = 16.0.31112.23
MinimumVisualStudioVersion = 10.0.40219.1
Project("{888888A0-9F3D-457C-B088-3A5042F75D52}") = "4.10", "4.10\4.10.pyproj", "{AB594F8A-4A93-4BD6-B987-DB51FCDDA534}"
EndProject
Global
	GlobalSection(SolutionConfigurationPlatforms) = preSolution
		Debug|Any CPU = Debug|Any CPU
		Release|Any CPU = Release|Any CPU
	EndGlobalSection
	GlobalSection(ProjectConfigurationPlatforms) = postSolution
		{AB594F8A-4A93-4BD6-B987-DB51FCDDA534}.Debug|Any CPU.ActiveCfg = Debug|Any CPU
		{AB594F8A-4A93-4BD6-B987-DB51FCDDA534}.Release|Any CPU.ActiveCfg = Release|Any CPU
	EndGlobalSection
	GlobalSection(SolutionProperties) = preSolution
		HideSolutionNode = FALSE
	EndGlobalSection
	GlobalSection(ExtensibilityGlobals) = postSolution
		SolutionGuid = {D3B01557-59C1-49D7-968A-E6722F9AC888}
	EndGlobalSection
EndGlobal
