
Microsoft Visual Studio Solution File, Format Version 12.00
# Visual Studio Version 16
VisualStudioVersion = 16.0.31205.134
MinimumVisualStudioVersion = 10.0.40219.1
Project("{8BC9CEB8-8B4A-11D0-8D11-00A0C91BC942}") = "graph", "graph\graph.vcxproj", "{A26C920F-D679-4129-81F6-93414AF44EA2}"
EndProject
Global
	GlobalSection(SolutionConfigurationPlatforms) = preSolution
		Debug|x64 = Debug|x64
		Debug|x86 = Debug|x86
		Release|x64 = Release|x64
		Release|x86 = Release|x86
	EndGlobalSection
	GlobalSection(ProjectConfigurationPlatforms) = postSolution
		{A26C920F-D679-4129-81F6-93414AF44EA2}.Debug|x64.ActiveCfg = Debug|x64
		{A26C920F-D679-4129-81F6-93414AF44EA2}.Debug|x64.Build.0 = Debug|x64
		{A26C920F-D679-4129-81F6-93414AF44EA2}.Debug|x86.ActiveCfg = Debug|Win32
		{A26C920F-D679-4129-81F6-93414AF44EA2}.Debug|x86.Build.0 = Debug|Win32
		{A26C920F-D679-4129-81F6-93414AF44EA2}.Release|x64.ActiveCfg = Release|x64
		{A26C920F-D679-4129-81F6-93414AF44EA2}.Release|x64.Build.0 = Release|x64
		{A26C920F-D679-4129-81F6-93414AF44EA2}.Release|x86.ActiveCfg = Release|Win32
		{A26C920F-D679-4129-81F6-93414AF44EA2}.Release|x86.Build.0 = Release|Win32
	EndGlobalSection
	GlobalSection(SolutionProperties) = preSolution
		HideSolutionNode = FALSE
	EndGlobalSection
	GlobalSection(ExtensibilityGlobals) = postSolution
		SolutionGuid = {B29F6160-BA4E-400B-B575-9B1E2F935495}
	EndGlobalSection
EndGlobal
