
Microsoft Visual Studio Solution File, Format Version 12.00
# Visual Studio Version 16
VisualStudioVersion = 16.0.31321.278
MinimumVisualStudioVersion = 10.0.40219.1
Project("{FAE04EC0-301F-11D3-BF4B-00C04F79EFBC}") = "CourseSelection", "WebApplication1\CourseSelection.csproj", "{F2AE3239-014D-43FE-935B-44C74D5B107A}"
EndProject
Global
	GlobalSection(SolutionConfigurationPlatforms) = preSolution
		Debug|Any CPU = Debug|Any CPU
		Release|Any CPU = Release|Any CPU
	EndGlobalSection
	GlobalSection(ProjectConfigurationPlatforms) = postSolution
		{F2AE3239-014D-43FE-935B-44C74D5B107A}.Debug|Any CPU.ActiveCfg = Debug|Any CPU
		{F2AE3239-014D-43FE-935B-44C74D5B107A}.Debug|Any CPU.Build.0 = Debug|Any CPU
		{F2AE3239-014D-43FE-935B-44C74D5B107A}.Release|Any CPU.ActiveCfg = Release|Any CPU
		{F2AE3239-014D-43FE-935B-44C74D5B107A}.Release|Any CPU.Build.0 = Release|Any CPU
	EndGlobalSection
	GlobalSection(SolutionProperties) = preSolution
		HideSolutionNode = FALSE
	EndGlobalSection
	GlobalSection(ExtensibilityGlobals) = postSolution
		SolutionGuid = {8F59E32B-935F-4C04-A717-2E9B87231291}
	EndGlobalSection
EndGlobal
