
Microsoft Visual Studio Solution File, Format Version 12.00
# Visual Studio Version 16
VisualStudioVersion = 16.0.30804.86
MinimumVisualStudioVersion = 10.0.40219.1
Project("{888888A0-9F3D-457C-B088-3A5042F75D52}") = "XV", "XV\XV.pyproj", "{861550E8-1277-435A-8BF4-A8DC89EEF28D}"
EndProject
Global
	GlobalSection(SolutionConfigurationPlatforms) = preSolution
		Debug|Any CPU = Debug|Any CPU
		Release|Any CPU = Release|Any CPU
	EndGlobalSection
	GlobalSection(ProjectConfigurationPlatforms) = postSolution
		{861550E8-1277-435A-8BF4-A8DC89EEF28D}.Debug|Any CPU.ActiveCfg = Debug|Any CPU
		{861550E8-1277-435A-8BF4-A8DC89EEF28D}.Release|Any CPU.ActiveCfg = Release|Any CPU
	EndGlobalSection
	GlobalSection(SolutionProperties) = preSolution
		HideSolutionNode = FALSE
	EndGlobalSection
	GlobalSection(ExtensibilityGlobals) = postSolution
		SolutionGuid = {2AC2C172-AFC9-458C-9F20-76FD0AAC26B2}
	EndGlobalSection
EndGlobal
